
Microsoft Visual Studio Solution File, Format Version 12.00
# Visual Studio Version 16
VisualStudioVersion = 16.0.29326.143
MinimumVisualStudioVersion = 10.0.40219.1
Project("{FAE04EC0-301F-11D3-BF4B-00C04F79EFBC}") = "MD5", "MD5\MD5.csproj", "{D2B169A0-D719-4B16-B59D-D0409C8AC4B2}"
EndProject
Global
	GlobalSection(SolutionConfigurationPlatforms) = preSolution
		Debug|Any CPU = Debug|Any CPU
		Release|Any CPU = Release|Any CPU
	EndGlobalSection
	GlobalSection(ProjectConfigurationPlatforms) = postSolution
		{D2B169A0-D719-4B16-B59D-D0409C8AC4B2}.Debug|Any CPU.ActiveCfg = Debug|Any CPU
		{D2B169A0-D719-4B16-B59D-D0409C8AC4B2}.Debug|Any CPU.Build.0 = Debug|Any CPU
		{D2B169A0-D719-4B16-B59D-D0409C8AC4B2}.Release|Any CPU.ActiveCfg = Release|Any CPU
		{D2B169A0-D719-4B16-B59D-D0409C8AC4B2}.Release|Any CPU.Build.0 = Release|Any CPU
	EndGlobalSection
	GlobalSection(SolutionProperties) = preSolution
		HideSolutionNode = FALSE
	EndGlobalSection
	GlobalSection(ExtensibilityGlobals) = postSolution
		SolutionGuid = {347A57AD-4F0A-4081-9A5F-D11EEF2AE665}
	EndGlobalSection
EndGlobal
