
Microsoft Visual Studio Solution File, Format Version 12.00
Project("{F2A71F9B-5D33-465A-A702-920D77279786}") = "DigitCalculatorUsingWorkflows", "DigitCalculatorUsingWorkflows\DigitCalculatorUsingWorkflows.fsproj", "{B4F31BDC-061B-472D-BB0D-C6A1A84C9ACC}"
EndProject
Project("{F2A71F9B-5D33-465A-A702-920D77279786}") = "DigitCalculatorUsingWorkflows.Tests", "DigitCalculatorUsingWorkflows.Tests\DigitCalculatorUsingWorkflows.Tests.fsproj", "{0A6F8264-4527-4F00-A6E0-5BD53685301F}"
EndProject
Global
	GlobalSection(SolutionConfigurationPlatforms) = preSolution
		Debug|Any CPU = Debug|Any CPU
		Release|Any CPU = Release|Any CPU
	EndGlobalSection
	GlobalSection(ProjectConfigurationPlatforms) = postSolution
		{B4F31BDC-061B-472D-BB0D-C6A1A84C9ACC}.Debug|Any CPU.ActiveCfg = Debug|Any CPU
		{B4F31BDC-061B-472D-BB0D-C6A1A84C9ACC}.Debug|Any CPU.Build.0 = Debug|Any CPU
		{B4F31BDC-061B-472D-BB0D-C6A1A84C9ACC}.Release|Any CPU.ActiveCfg = Release|Any CPU
		{B4F31BDC-061B-472D-BB0D-C6A1A84C9ACC}.Release|Any CPU.Build.0 = Release|Any CPU
		{0A6F8264-4527-4F00-A6E0-5BD53685301F}.Debug|Any CPU.ActiveCfg = Debug|Any CPU
		{0A6F8264-4527-4F00-A6E0-5BD53685301F}.Debug|Any CPU.Build.0 = Debug|Any CPU
		{0A6F8264-4527-4F00-A6E0-5BD53685301F}.Release|Any CPU.ActiveCfg = Release|Any CPU
		{0A6F8264-4527-4F00-A6E0-5BD53685301F}.Release|Any CPU.Build.0 = Release|Any CPU
	EndGlobalSection
EndGlobal
