
Microsoft Visual Studio Solution File, Format Version 12.00
Project("{F2A71F9B-5D33-465A-A702-920D77279786}") = "MakeGameToLearnOOP", "MakeGameToLearnOOP\MakeGameToLearnOOP.fsproj", "{670CD316-C80B-45C7-8E13-8F3594B70425}"
EndProject
Project("{F2A71F9B-5D33-465A-A702-920D77279786}") = "MakeGameToLearnOOP.Tests", "MakeGameToLearnOOP.Tests\MakeGameToLearnOOP.Tests.fsproj", "{93DCE811-235A-45CD-8A5C-81DB4F37A09D}"
EndProject
Global
	GlobalSection(SolutionConfigurationPlatforms) = preSolution
		Debug|Any CPU = Debug|Any CPU
		Release|Any CPU = Release|Any CPU
	EndGlobalSection
	GlobalSection(ProjectConfigurationPlatforms) = postSolution
		{670CD316-C80B-45C7-8E13-8F3594B70425}.Debug|Any CPU.ActiveCfg = Debug|Any CPU
		{670CD316-C80B-45C7-8E13-8F3594B70425}.Debug|Any CPU.Build.0 = Debug|Any CPU
		{670CD316-C80B-45C7-8E13-8F3594B70425}.Release|Any CPU.ActiveCfg = Release|Any CPU
		{670CD316-C80B-45C7-8E13-8F3594B70425}.Release|Any CPU.Build.0 = Release|Any CPU
		{93DCE811-235A-45CD-8A5C-81DB4F37A09D}.Debug|Any CPU.ActiveCfg = Debug|Any CPU
		{93DCE811-235A-45CD-8A5C-81DB4F37A09D}.Debug|Any CPU.Build.0 = Debug|Any CPU
		{93DCE811-235A-45CD-8A5C-81DB4F37A09D}.Release|Any CPU.ActiveCfg = Release|Any CPU
		{93DCE811-235A-45CD-8A5C-81DB4F37A09D}.Release|Any CPU.Build.0 = Release|Any CPU
	EndGlobalSection
EndGlobal
