
Microsoft Visual Studio Solution File, Format Version 12.00
# Visual Studio Version 16
VisualStudioVersion = 16.0.29326.143
MinimumVisualStudioVersion = 10.0.40219.1
Project("{FAE04EC0-301F-11D3-BF4B-00C04F79EFBC}") = "APIforMyNUnit", "APIforMyNUnit\APIforMyNUnit.csproj", "{9247F37E-AF67-42BF-BBA9-5B41EB2FCF16}"
EndProject
Global
	GlobalSection(SolutionConfigurationPlatforms) = preSolution
		Debug|Any CPU = Debug|Any CPU
		Release|Any CPU = Release|Any CPU
	EndGlobalSection
	GlobalSection(ProjectConfigurationPlatforms) = postSolution
		{9247F37E-AF67-42BF-BBA9-5B41EB2FCF16}.Debug|Any CPU.ActiveCfg = Debug|Any CPU
		{9247F37E-AF67-42BF-BBA9-5B41EB2FCF16}.Debug|Any CPU.Build.0 = Debug|Any CPU
		{9247F37E-AF67-42BF-BBA9-5B41EB2FCF16}.Release|Any CPU.ActiveCfg = Release|Any CPU
		{9247F37E-AF67-42BF-BBA9-5B41EB2FCF16}.Release|Any CPU.Build.0 = Release|Any CPU
	EndGlobalSection
	GlobalSection(SolutionProperties) = preSolution
		HideSolutionNode = FALSE
	EndGlobalSection
	GlobalSection(ExtensibilityGlobals) = postSolution
		SolutionGuid = {25254444-D435-4F74-A7C3-D37B276CDDAA}
	EndGlobalSection
EndGlobal
