
Microsoft Visual Studio Solution File, Format Version 12.00
# Visual Studio Version 16
VisualStudioVersion = 16.0.29326.143
MinimumVisualStudioVersion = 10.0.40219.1
Project("{9A19103F-16F7-4668-BE54-9A1E7A4F7556}") = "MyNUnit", "MyNUnit\MyNUnit.csproj", "{263A3147-B38C-4C00-B32F-5C7D19694FC6}"
EndProject
Project("{2150E333-8FDC-42A3-9474-1A3956D46DE8}") = "TestProjects", "TestProjects", "{B00AF012-D3FD-4230-9943-6AC6650E98AF}"
EndProject
Project("{9A19103F-16F7-4668-BE54-9A1E7A4F7556}") = "ProjectForTest1", "TestProjects\ProjectForTest1\ProjectForTest1.csproj", "{EF2D93E1-C87D-40A5-9D86-E538572155F5}"
EndProject
Project("{9A19103F-16F7-4668-BE54-9A1E7A4F7556}") = "ProjectForTest2", "TestProjects\ProjectForTest2\ProjectForTest2.csproj", "{33109DFA-19F5-4A19-AD8C-22F58E017544}"
EndProject
Project("{9A19103F-16F7-4668-BE54-9A1E7A4F7556}") = "ProjectForTest3", "TestProjects\ProjectForTest3\ProjectForTest3.csproj", "{8A423708-20F9-4A43-8160-2454325CD9DC}"
EndProject
Project("{9A19103F-16F7-4668-BE54-9A1E7A4F7556}") = "ProjectForTest4", "TestProjects\ProjectForTest4\ProjectForTest4.csproj", "{5E5CC84E-9207-4994-A7F7-E5EB001E9D06}"
EndProject
Project("{9A19103F-16F7-4668-BE54-9A1E7A4F7556}") = "ProjectForTest5", "TestProjects\ProjectForTest5\ProjectForTest5.csproj", "{5B5126EE-C1BA-47AE-BDEE-17D82BEA505F}"
EndProject
Project("{9A19103F-16F7-4668-BE54-9A1E7A4F7556}") = "ProjectForTest6", "TestProjects\ProjectForTest6\ProjectForTest6.csproj", "{B9F68548-A88A-4284-AE37-9A68C7645F4D}"
EndProject
Project("{9A19103F-16F7-4668-BE54-9A1E7A4F7556}") = "ProjectForTest7", "TestProjects\ProjectForTest7\ProjectForTest7.csproj", "{98C04242-DE8B-4106-981D-1F6B5AF16939}"
EndProject
Project("{9A19103F-16F7-4668-BE54-9A1E7A4F7556}") = "MyNUnitTests", "XUnitTestProject1\MyNUnitTests.csproj", "{5489B766-2323-44EB-859D-C293BD26B822}"
EndProject
Project("{FAE04EC0-301F-11D3-BF4B-00C04F79EFBC}") = "ProjectForTest8", "TestProjects\ProjectForTest8\ProjectForTest8.csproj", "{92FD2609-997E-4764-9D08-E950E1EA48E8}"
EndProject
Project("{FAE04EC0-301F-11D3-BF4B-00C04F79EFBC}") = "ProjectForTest9", "TestProjects\ProjectForTest9\ProjectForTest9.csproj", "{A8163C04-09DE-476E-8669-95835244F77E}"
EndProject
Global
	GlobalSection(SolutionConfigurationPlatforms) = preSolution
		Debug|Any CPU = Debug|Any CPU
		Release|Any CPU = Release|Any CPU
	EndGlobalSection
	GlobalSection(ProjectConfigurationPlatforms) = postSolution
		{263A3147-B38C-4C00-B32F-5C7D19694FC6}.Debug|Any CPU.ActiveCfg = Debug|Any CPU
		{263A3147-B38C-4C00-B32F-5C7D19694FC6}.Debug|Any CPU.Build.0 = Debug|Any CPU
		{263A3147-B38C-4C00-B32F-5C7D19694FC6}.Release|Any CPU.ActiveCfg = Release|Any CPU
		{263A3147-B38C-4C00-B32F-5C7D19694FC6}.Release|Any CPU.Build.0 = Release|Any CPU
		{EF2D93E1-C87D-40A5-9D86-E538572155F5}.Debug|Any CPU.ActiveCfg = Debug|Any CPU
		{EF2D93E1-C87D-40A5-9D86-E538572155F5}.Debug|Any CPU.Build.0 = Debug|Any CPU
		{EF2D93E1-C87D-40A5-9D86-E538572155F5}.Release|Any CPU.ActiveCfg = Release|Any CPU
		{EF2D93E1-C87D-40A5-9D86-E538572155F5}.Release|Any CPU.Build.0 = Release|Any CPU
		{33109DFA-19F5-4A19-AD8C-22F58E017544}.Debug|Any CPU.ActiveCfg = Debug|Any CPU
		{33109DFA-19F5-4A19-AD8C-22F58E017544}.Debug|Any CPU.Build.0 = Debug|Any CPU
		{33109DFA-19F5-4A19-AD8C-22F58E017544}.Release|Any CPU.ActiveCfg = Release|Any CPU
		{33109DFA-19F5-4A19-AD8C-22F58E017544}.Release|Any CPU.Build.0 = Release|Any CPU
		{8A423708-20F9-4A43-8160-2454325CD9DC}.Debug|Any CPU.ActiveCfg = Debug|Any CPU
		{8A423708-20F9-4A43-8160-2454325CD9DC}.Debug|Any CPU.Build.0 = Debug|Any CPU
		{8A423708-20F9-4A43-8160-2454325CD9DC}.Release|Any CPU.ActiveCfg = Release|Any CPU
		{8A423708-20F9-4A43-8160-2454325CD9DC}.Release|Any CPU.Build.0 = Release|Any CPU
		{5E5CC84E-9207-4994-A7F7-E5EB001E9D06}.Debug|Any CPU.ActiveCfg = Debug|Any CPU
		{5E5CC84E-9207-4994-A7F7-E5EB001E9D06}.Debug|Any CPU.Build.0 = Debug|Any CPU
		{5E5CC84E-9207-4994-A7F7-E5EB001E9D06}.Release|Any CPU.ActiveCfg = Release|Any CPU
		{5E5CC84E-9207-4994-A7F7-E5EB001E9D06}.Release|Any CPU.Build.0 = Release|Any CPU
		{5B5126EE-C1BA-47AE-BDEE-17D82BEA505F}.Debug|Any CPU.ActiveCfg = Debug|Any CPU
		{5B5126EE-C1BA-47AE-BDEE-17D82BEA505F}.Debug|Any CPU.Build.0 = Debug|Any CPU
		{5B5126EE-C1BA-47AE-BDEE-17D82BEA505F}.Release|Any CPU.ActiveCfg = Release|Any CPU
		{5B5126EE-C1BA-47AE-BDEE-17D82BEA505F}.Release|Any CPU.Build.0 = Release|Any CPU
		{B9F68548-A88A-4284-AE37-9A68C7645F4D}.Debug|Any CPU.ActiveCfg = Debug|Any CPU
		{B9F68548-A88A-4284-AE37-9A68C7645F4D}.Debug|Any CPU.Build.0 = Debug|Any CPU
		{B9F68548-A88A-4284-AE37-9A68C7645F4D}.Release|Any CPU.ActiveCfg = Release|Any CPU
		{B9F68548-A88A-4284-AE37-9A68C7645F4D}.Release|Any CPU.Build.0 = Release|Any CPU
		{98C04242-DE8B-4106-981D-1F6B5AF16939}.Debug|Any CPU.ActiveCfg = Debug|Any CPU
		{98C04242-DE8B-4106-981D-1F6B5AF16939}.Debug|Any CPU.Build.0 = Debug|Any CPU
		{98C04242-DE8B-4106-981D-1F6B5AF16939}.Release|Any CPU.ActiveCfg = Release|Any CPU
		{98C04242-DE8B-4106-981D-1F6B5AF16939}.Release|Any CPU.Build.0 = Release|Any CPU
		{5489B766-2323-44EB-859D-C293BD26B822}.Debug|Any CPU.ActiveCfg = Debug|Any CPU
		{5489B766-2323-44EB-859D-C293BD26B822}.Debug|Any CPU.Build.0 = Debug|Any CPU
		{5489B766-2323-44EB-859D-C293BD26B822}.Release|Any CPU.ActiveCfg = Release|Any CPU
		{5489B766-2323-44EB-859D-C293BD26B822}.Release|Any CPU.Build.0 = Release|Any CPU
		{92FD2609-997E-4764-9D08-E950E1EA48E8}.Debug|Any CPU.ActiveCfg = Debug|Any CPU
		{92FD2609-997E-4764-9D08-E950E1EA48E8}.Debug|Any CPU.Build.0 = Debug|Any CPU
		{92FD2609-997E-4764-9D08-E950E1EA48E8}.Release|Any CPU.ActiveCfg = Release|Any CPU
		{92FD2609-997E-4764-9D08-E950E1EA48E8}.Release|Any CPU.Build.0 = Release|Any CPU
		{A8163C04-09DE-476E-8669-95835244F77E}.Debug|Any CPU.ActiveCfg = Debug|Any CPU
		{A8163C04-09DE-476E-8669-95835244F77E}.Debug|Any CPU.Build.0 = Debug|Any CPU
		{A8163C04-09DE-476E-8669-95835244F77E}.Release|Any CPU.ActiveCfg = Release|Any CPU
		{A8163C04-09DE-476E-8669-95835244F77E}.Release|Any CPU.Build.0 = Release|Any CPU
	EndGlobalSection
	GlobalSection(SolutionProperties) = preSolution
		HideSolutionNode = FALSE
	EndGlobalSection
	GlobalSection(NestedProjects) = preSolution
		{EF2D93E1-C87D-40A5-9D86-E538572155F5} = {B00AF012-D3FD-4230-9943-6AC6650E98AF}
		{33109DFA-19F5-4A19-AD8C-22F58E017544} = {B00AF012-D3FD-4230-9943-6AC6650E98AF}
		{8A423708-20F9-4A43-8160-2454325CD9DC} = {B00AF012-D3FD-4230-9943-6AC6650E98AF}
		{5E5CC84E-9207-4994-A7F7-E5EB001E9D06} = {B00AF012-D3FD-4230-9943-6AC6650E98AF}
		{5B5126EE-C1BA-47AE-BDEE-17D82BEA505F} = {B00AF012-D3FD-4230-9943-6AC6650E98AF}
		{B9F68548-A88A-4284-AE37-9A68C7645F4D} = {B00AF012-D3FD-4230-9943-6AC6650E98AF}
		{98C04242-DE8B-4106-981D-1F6B5AF16939} = {B00AF012-D3FD-4230-9943-6AC6650E98AF}
		{92FD2609-997E-4764-9D08-E950E1EA48E8} = {B00AF012-D3FD-4230-9943-6AC6650E98AF}
		{A8163C04-09DE-476E-8669-95835244F77E} = {B00AF012-D3FD-4230-9943-6AC6650E98AF}
	EndGlobalSection
	GlobalSection(ExtensibilityGlobals) = postSolution
		SolutionGuid = {2A286595-9B69-417F-B69A-EBFB77C7919A}
	EndGlobalSection
EndGlobal
