
Microsoft Visual Studio Solution File, Format Version 12.00
# Visual Studio Version 16
VisualStudioVersion = 16.0.29230.47
MinimumVisualStudioVersion = 10.0.40219.1
Project("{9A19103F-16F7-4668-BE54-9A1E7A4F7556}") = "MyLazy", "MyLazy\MyLazy.csproj", "{7B40F012-4036-43E7-8FE7-44777DEC69D6}"
EndProject
Project("{FAE04EC0-301F-11D3-BF4B-00C04F79EFBC}") = "MyLazyTests", "MyLazyTests\MyLazyTests.csproj", "{684034A5-6A9A-4E85-854B-C8577B9FFB34}"
EndProject
Global
	GlobalSection(SolutionConfigurationPlatforms) = preSolution
		Debug|Any CPU = Debug|Any CPU
		Release|Any CPU = Release|Any CPU
	EndGlobalSection
	GlobalSection(ProjectConfigurationPlatforms) = postSolution
		{7B40F012-4036-43E7-8FE7-44777DEC69D6}.Debug|Any CPU.ActiveCfg = Debug|Any CPU
		{7B40F012-4036-43E7-8FE7-44777DEC69D6}.Debug|Any CPU.Build.0 = Debug|Any CPU
		{7B40F012-4036-43E7-8FE7-44777DEC69D6}.Release|Any CPU.ActiveCfg = Release|Any CPU
		{7B40F012-4036-43E7-8FE7-44777DEC69D6}.Release|Any CPU.Build.0 = Release|Any CPU
		{684034A5-6A9A-4E85-854B-C8577B9FFB34}.Debug|Any CPU.ActiveCfg = Debug|Any CPU
		{684034A5-6A9A-4E85-854B-C8577B9FFB34}.Debug|Any CPU.Build.0 = Debug|Any CPU
		{684034A5-6A9A-4E85-854B-C8577B9FFB34}.Release|Any CPU.ActiveCfg = Release|Any CPU
		{684034A5-6A9A-4E85-854B-C8577B9FFB34}.Release|Any CPU.Build.0 = Release|Any CPU
	EndGlobalSection
	GlobalSection(SolutionProperties) = preSolution
		HideSolutionNode = FALSE
	EndGlobalSection
	GlobalSection(ExtensibilityGlobals) = postSolution
		SolutionGuid = {542BD373-EA06-431C-86ED-DFE64A71D1B1}
	EndGlobalSection
EndGlobal
